// !$*UTF8*$!
{
	archiveVersion = 1;
	classes = {
	};
	objectVersion = 55;
	objects = {

/* Begin PBXBuildFile section */
		670C939028D211A90037476B /* carthage_compiledApp.swift in Sources */ = {isa = PBXBuildFile; fileRef = 670C938F28D211A90037476B /* carthage_compiledApp.swift */; };
		670C939228D211A90037476B /* ContentView.swift in Sources */ = {isa = PBXBuildFile; fileRef = 670C939128D211A90037476B /* ContentView.swift */; };
		670C939428D211AB0037476B /* Assets.xcassets in Resources */ = {isa = PBXBuildFile; fileRef = 670C939328D211AB0037476B /* Assets.xcassets */; };
		670C939728D211AB0037476B /* Preview Assets.xcassets in Resources */ = {isa = PBXBuildFile; fileRef = 670C939628D211AB0037476B /* Preview Assets.xcassets */; };
		678E37F428D222C8009B637F /* Cartfile.resolved in Resources */ = {isa = PBXBuildFile; fileRef = 678E37F128D222C7009B637F /* Cartfile.resolved */; };
		678E37F528D222C8009B637F /* Carthage in Resources */ = {isa = PBXBuildFile; fileRef = 678E37F228D222C7009B637F /* Carthage */; };
		678E37F628D222C8009B637F /* Cartfile in Resources */ = {isa = PBXBuildFile; fileRef = 678E37F328D222C7009B637F /* Cartfile */; };
		678E37F728D22306009B637F /* NWWebSocket.xcframework in Frameworks */ = {isa = PBXBuildFile; fileRef = 678E37E728D2221A009B637F /* NWWebSocket.xcframework */; };
		678E37F828D22306009B637F /* NWWebSocket.xcframework in Embed Frameworks */ = {isa = PBXBuildFile; fileRef = 678E37E728D2221A009B637F /* NWWebSocket.xcframework */; settings = {ATTRIBUTES = (CodeSignOnCopy, RemoveHeadersOnCopy, ); }; };
		678E37F928D22306009B637F /* PusherSwift.xcframework in Frameworks */ = {isa = PBXBuildFile; fileRef = 678E37E828D2221A009B637F /* PusherSwift.xcframework */; };
		678E37FA28D22306009B637F /* PusherSwift.xcframework in Embed Frameworks */ = {isa = PBXBuildFile; fileRef = 678E37E828D2221A009B637F /* PusherSwift.xcframework */; settings = {ATTRIBUTES = (CodeSignOnCopy, RemoveHeadersOnCopy, ); }; };
		678E37FB28D22306009B637F /* TweetNacl.xcframework in Frameworks */ = {isa = PBXBuildFile; fileRef = 678E37E928D2221A009B637F /* TweetNacl.xcframework */; };
		678E37FC28D22306009B637F /* TweetNacl.xcframework in Embed Frameworks */ = {isa = PBXBuildFile; fileRef = 678E37E928D2221A009B637F /* TweetNacl.xcframework */; settings = {ATTRIBUTES = (CodeSignOnCopy, RemoveHeadersOnCopy, ); }; };
/* End PBXBuildFile section */

/* Begin PBXCopyFilesBuildPhase section */
		678E37FD28D22307009B637F /* Embed Frameworks */ = {
			isa = PBXCopyFilesBuildPhase;
			buildActionMask = 2147483647;
			dstPath = "";
			dstSubfolderSpec = 10;
			files = (
				678E37FC28D22306009B637F /* TweetNacl.xcframework in Embed Frameworks */,
				678E37FA28D22306009B637F /* PusherSwift.xcframework in Embed Frameworks */,
				678E37F828D22306009B637F /* NWWebSocket.xcframework in Embed Frameworks */,
			);
			name = "Embed Frameworks";
			runOnlyForDeploymentPostprocessing = 0;
		};
/* End PBXCopyFilesBuildPhase section */

/* Begin PBXFileReference section */
		670C938C28D211A90037476B /* carthage_compiled.app */ = {isa = PBXFileReference; explicitFileType = wrapper.application; includeInIndex = 0; path = carthage_compiled.app; sourceTree = BUILT_PRODUCTS_DIR; };
		670C938F28D211A90037476B /* carthage_compiledApp.swift */ = {isa = PBXFileReference; lastKnownFileType = sourcecode.swift; path = carthage_compiledApp.swift; sourceTree = "<group>"; };
		670C939128D211A90037476B /* ContentView.swift */ = {isa = PBXFileReference; lastKnownFileType = sourcecode.swift; path = ContentView.swift; sourceTree = "<group>"; };
		670C939328D211AB0037476B /* Assets.xcassets */ = {isa = PBXFileReference; lastKnownFileType = folder.assetcatalog; path = Assets.xcassets; sourceTree = "<group>"; };
		670C939628D211AB0037476B /* Preview Assets.xcassets */ = {isa = PBXFileReference; lastKnownFileType = folder.assetcatalog; path = "Preview Assets.xcassets"; sourceTree = "<group>"; };
		678E37E728D2221A009B637F /* NWWebSocket.xcframework */ = {isa = PBXFileReference; lastKnownFileType = wrapper.xcframework; name = NWWebSocket.xcframework; path = Carthage/Build/NWWebSocket.xcframework; sourceTree = "<group>"; };
		678E37E828D2221A009B637F /* PusherSwift.xcframework */ = {isa = PBXFileReference; lastKnownFileType = wrapper.xcframework; name = PusherSwift.xcframework; path = Carthage/Build/PusherSwift.xcframework; sourceTree = "<group>"; };
		678E37E928D2221A009B637F /* TweetNacl.xcframework */ = {isa = PBXFileReference; lastKnownFileType = wrapper.xcframework; name = TweetNacl.xcframework; path = Carthage/Build/TweetNacl.xcframework; sourceTree = "<group>"; };
		678E37F128D222C7009B637F /* Cartfile.resolved */ = {isa = PBXFileReference; fileEncoding = 4; lastKnownFileType = text; path = Cartfile.resolved; sourceTree = "<group>"; };
		678E37F228D222C7009B637F /* Carthage */ = {isa = PBXFileReference; lastKnownFileType = folder; path = Carthage; sourceTree = "<group>"; };
		678E37F328D222C7009B637F /* Cartfile */ = {isa = PBXFileReference; fileEncoding = 4; lastKnownFileType = text; path = Cartfile; sourceTree = "<group>"; };
/* End PBXFileReference section */

/* Begin PBXFrameworksBuildPhase section */
		670C938928D211A90037476B /* Frameworks */ = {
			isa = PBXFrameworksBuildPhase;
			buildActionMask = 2147483647;
			files = (
				678E37FB28D22306009B637F /* TweetNacl.xcframework in Frameworks */,
				678E37F928D22306009B637F /* PusherSwift.xcframework in Frameworks */,
				678E37F728D22306009B637F /* NWWebSocket.xcframework in Frameworks */,
			);
			runOnlyForDeploymentPostprocessing = 0;
		};
/* End PBXFrameworksBuildPhase section */

/* Begin PBXGroup section */
		670C938328D211A90037476B = {
			isa = PBXGroup;
			children = (
				678E37F328D222C7009B637F /* Cartfile */,
				678E37F128D222C7009B637F /* Cartfile.resolved */,
				678E37F228D222C7009B637F /* Carthage */,
				670C938E28D211A90037476B /* carthage_compiled */,
				670C938D28D211A90037476B /* Products */,
				678E37E628D2221A009B637F /* Frameworks */,
			);
			sourceTree = "<group>";
		};
		670C938D28D211A90037476B /* Products */ = {
			isa = PBXGroup;
			children = (
				670C938C28D211A90037476B /* carthage_compiled.app */,
			);
			name = Products;
			sourceTree = "<group>";
		};
		670C938E28D211A90037476B /* carthage_compiled */ = {
			isa = PBXGroup;
			children = (
				670C938F28D211A90037476B /* carthage_compiledApp.swift */,
				670C939128D211A90037476B /* ContentView.swift */,
				670C939328D211AB0037476B /* Assets.xcassets */,
				670C939528D211AB0037476B /* Preview Content */,
			);
			path = carthage_compiled;
			sourceTree = "<group>";
		};
		670C939528D211AB0037476B /* Preview Content */ = {
			isa = PBXGroup;
			children = (
				670C939628D211AB0037476B /* Preview Assets.xcassets */,
			);
			path = "Preview Content";
			sourceTree = "<group>";
		};
		678E37E628D2221A009B637F /* Frameworks */ = {
			isa = PBXGroup;
			children = (
				678E37E728D2221A009B637F /* NWWebSocket.xcframework */,
				678E37E828D2221A009B637F /* PusherSwift.xcframework */,
				678E37E928D2221A009B637F /* TweetNacl.xcframework */,
			);
			name = Frameworks;
			sourceTree = "<group>";
		};
/* End PBXGroup section */

/* Begin PBXNativeTarget section */
		670C938B28D211A90037476B /* carthage_compiled */ = {
			isa = PBXNativeTarget;
			buildConfigurationList = 670C939A28D211AB0037476B /* Build configuration list for PBXNativeTarget "carthage_compiled" */;
			buildPhases = (
				670C938828D211A90037476B /* Sources */,
				670C938928D211A90037476B /* Frameworks */,
				670C938A28D211A90037476B /* Resources */,
				678E37FD28D22307009B637F /* Embed Frameworks */,
			);
			buildRules = (
			);
			dependencies = (
			);
			name = carthage_compiled;
			productName = carthage_compiled;
			productReference = 670C938C28D211A90037476B /* carthage_compiled.app */;
			productType = "com.apple.product-type.application";
		};
/* End PBXNativeTarget section */

/* Begin PBXProject section */
		670C938428D211A90037476B /* Project object */ = {
			isa = PBXProject;
			attributes = {
				BuildIndependentTargetsInParallel = 1;
				LastSwiftUpdateCheck = 1340;
				LastUpgradeCheck = 1340;
				TargetAttributes = {
					670C938B28D211A90037476B = {
						CreatedOnToolsVersion = 13.4;
					};
				};
			};
			buildConfigurationList = 670C938728D211A90037476B /* Build configuration list for PBXProject "carthage_compiled" */;
			compatibilityVersion = "Xcode 13.0";
			developmentRegion = en;
			hasScannedForEncodings = 0;
			knownRegions = (
				en,
				Base,
			);
			mainGroup = 670C938328D211A90037476B;
			productRefGroup = 670C938D28D211A90037476B /* Products */;
			projectDirPath = "";
			projectRoot = "";
			targets = (
				670C938B28D211A90037476B /* carthage_compiled */,
			);
		};
/* End PBXProject section */

/* Begin PBXResourcesBuildPhase section */
		670C938A28D211A90037476B /* Resources */ = {
			isa = PBXResourcesBuildPhase;
			buildActionMask = 2147483647;
			files = (
				678E37F628D222C8009B637F /* Cartfile in Resources */,
				670C939728D211AB0037476B /* Preview Assets.xcassets in Resources */,
				678E37F428D222C8009B637F /* Cartfile.resolved in Resources */,
				670C939428D211AB0037476B /* Assets.xcassets in Resources */,
				678E37F528D222C8009B637F /* Carthage in Resources */,
			);
			runOnlyForDeploymentPostprocessing = 0;
		};
/* End PBXResourcesBuildPhase section */

/* Begin PBXSourcesBuildPhase section */
		670C938828D211A90037476B /* Sources */ = {
			isa = PBXSourcesBuildPhase;
			buildActionMask = 2147483647;
			files = (
				670C939228D211A90037476B /* ContentView.swift in Sources */,
				670C939028D211A90037476B /* carthage_compiledApp.swift in Sources */,
			);
			runOnlyForDeploymentPostprocessing = 0;
		};
/* End PBXSourcesBuildPhase section */

/* Begin XCBuildConfiguration section */
		670C939828D211AB0037476B /* Debug */ = {
			isa = XCBuildConfiguration;
			buildSettings = {
				ALWAYS_SEARCH_USER_PATHS = NO;
				CLANG_ANALYZER_NONNULL = YES;
				CLANG_ANALYZER_NUMBER_OBJECT_CONVERSION = YES_AGGRESSIVE;
				CLANG_CXX_LANGUAGE_STANDARD = "gnu++17";
				CLANG_ENABLE_MODULES = YES;
				CLANG_ENABLE_OBJC_ARC = YES;
				CLANG_ENABLE_OBJC_WEAK = YES;
				CLANG_WARN_BLOCK_CAPTURE_AUTORELEASING = YES;
				CLANG_WARN_BOOL_CONVERSION = YES;
				CLANG_WARN_COMMA = YES;
				CLANG_WARN_CONSTANT_CONVERSION = YES;
				CLANG_WARN_DEPRECATED_OBJC_IMPLEMENTATIONS = YES;
				CLANG_WARN_DIRECT_OBJC_ISA_USAGE = YES_ERROR;
				CLANG_WARN_DOCUMENTATION_COMMENTS = YES;
				CLANG_WARN_EMPTY_BODY = YES;
				CLANG_WARN_ENUM_CONVERSION = YES;
				CLANG_WARN_INFINITE_RECURSION = YES;
				CLANG_WARN_INT_CONVERSION = YES;
				CLANG_WARN_NON_LITERAL_NULL_CONVERSION = YES;
				CLANG_WARN_OBJC_IMPLICIT_RETAIN_SELF = YES;
				CLANG_WARN_OBJC_LITERAL_CONVERSION = YES;
				CLANG_WARN_OBJC_ROOT_CLASS = YES_ERROR;
				CLANG_WARN_QUOTED_INCLUDE_IN_FRAMEWORK_HEADER = YES;
				CLANG_WARN_RANGE_LOOP_ANALYSIS = YES;
				CLANG_WARN_STRICT_PROTOTYPES = YES;
				CLANG_WARN_SUSPICIOUS_MOVE = YES;
				CLANG_WARN_UNGUARDED_AVAILABILITY = YES_AGGRESSIVE;
				CLANG_WARN_UNREACHABLE_CODE = YES;
				CLANG_WARN__DUPLICATE_METHOD_MATCH = YES;
				COPY_PHASE_STRIP = NO;
				DEBUG_INFORMATION_FORMAT = dwarf;
				ENABLE_STRICT_OBJC_MSGSEND = YES;
				ENABLE_TESTABILITY = YES;
				GCC_C_LANGUAGE_STANDARD = gnu11;
				GCC_DYNAMIC_NO_PIC = NO;
				GCC_NO_COMMON_BLOCKS = YES;
				GCC_OPTIMIZATION_LEVEL = 0;
				GCC_PREPROCESSOR_DEFINITIONS = (
					"DEBUG=1",
					"$(inherited)",
				);
				GCC_WARN_64_TO_32_BIT_CONVERSION = YES;
				GCC_WARN_ABOUT_RETURN_TYPE = YES_ERROR;
				GCC_WARN_UNDECLARED_SELECTOR = YES;
				GCC_WARN_UNINITIALIZED_AUTOS = YES_AGGRESSIVE;
				GCC_WARN_UNUSED_FUNCTION = YES;
				GCC_WARN_UNUSED_VARIABLE = YES;
				IPHONEOS_DEPLOYMENT_TARGET = 15.5;
				MTL_ENABLE_DEBUG_INFO = INCLUDE_SOURCE;
				MTL_FAST_MATH = YES;
				ONLY_ACTIVE_ARCH = YES;
				SDKROOT = iphoneos;
				SWIFT_ACTIVE_COMPILATION_CONDITIONS = DEBUG;
				SWIFT_OPTIMIZATION_LEVEL = "-Onone";
			};
			name = Debug;
		};
		670C939928D211AB0037476B /* Release */ = {
			isa = XCBuildConfiguration;
			buildSettings = {
				ALWAYS_SEARCH_USER_PATHS = NO;
				CLANG_ANALYZER_NONNULL = YES;
				CLANG_ANALYZER_NUMBER_OBJECT_CONVERSION = YES_AGGRESSIVE;
				CLANG_CXX_LANGUAGE_STANDARD = "gnu++17";
				CLANG_ENABLE_MODULES = YES;
				CLANG_ENABLE_OBJC_ARC = YES;
				CLANG_ENABLE_OBJC_WEAK = YES;
				CLANG_WARN_BLOCK_CAPTURE_AUTORELEASING = YES;
				CLANG_WARN_BOOL_CONVERSION = YES;
				CLANG_WARN_COMMA = YES;
				CLANG_WARN_CONSTANT_CONVERSION = YES;
				CLANG_WARN_DEPRECATED_OBJC_IMPLEMENTATIONS = YES;
				CLANG_WARN_DIRECT_OBJC_ISA_USAGE = YES_ERROR;
				CLANG_WARN_DOCUMENTATION_COMMENTS = YES;
				CLANG_WARN_EMPTY_BODY = YES;
				CLANG_WARN_ENUM_CONVERSION = YES;
				CLANG_WARN_INFINITE_RECURSION = YES;
				CLANG_WARN_INT_CONVERSION = YES;
				CLANG_WARN_NON_LITERAL_NULL_CONVERSION = YES;
				CLANG_WARN_OBJC_IMPLICIT_RETAIN_SELF = YES;
				CLANG_WARN_OBJC_LITERAL_CONVERSION = YES;
				CLANG_WARN_OBJC_ROOT_CLASS = YES_ERROR;
				CLANG_WARN_QUOTED_INCLUDE_IN_FRAMEWORK_HEADER = YES;
				CLANG_WARN_RANGE_LOOP_ANALYSIS = YES;
				CLANG_WARN_STRICT_PROTOTYPES = YES;
				CLANG_WARN_SUSPICIOUS_MOVE = YES;
				CLANG_WARN_UNGUARDED_AVAILABILITY = YES_AGGRESSIVE;
				CLANG_WARN_UNREACHABLE_CODE = YES;
				CLANG_WARN__DUPLICATE_METHOD_MATCH = YES;
				COPY_PHASE_STRIP = NO;
				DEBUG_INFORMATION_FORMAT = "dwarf-with-dsym";
				ENABLE_NS_ASSERTIONS = NO;
				ENABLE_STRICT_OBJC_MSGSEND = YES;
				GCC_C_LANGUAGE_STANDARD = gnu11;
				GCC_NO_COMMON_BLOCKS = YES;
				GCC_WARN_64_TO_32_BIT_CONVERSION = YES;
				GCC_WARN_ABOUT_RETURN_TYPE = YES_ERROR;
				GCC_WARN_UNDECLARED_SELECTOR = YES;
				GCC_WARN_UNINITIALIZED_AUTOS = YES_AGGRESSIVE;
				GCC_WARN_UNUSED_FUNCTION = YES;
				GCC_WARN_UNUSED_VARIABLE = YES;
				IPHONEOS_DEPLOYMENT_TARGET = 15.5;
				MTL_ENABLE_DEBUG_INFO = NO;
				MTL_FAST_MATH = YES;
				SDKROOT = iphoneos;
				SWIFT_COMPILATION_MODE = wholemodule;
				SWIFT_OPTIMIZATION_LEVEL = "-O";
				VALIDATE_PRODUCT = YES;
			};
			name = Release;
		};
		670C939B28D211AB0037476B /* Debug */ = {
			isa = XCBuildConfiguration;
			buildSettings = {
				ASSETCATALOG_COMPILER_APPICON_NAME = AppIcon;
				ASSETCATALOG_COMPILER_GLOBAL_ACCENT_COLOR_NAME = AccentColor;
				CODE_SIGN_STYLE = Automatic;
				CURRENT_PROJECT_VERSION = 1;
				DEVELOPMENT_ASSET_PATHS = "\"carthage_compiled/Preview Content\"";
				DEVELOPMENT_TEAM = H7FL434D9W;
				ENABLE_PREVIEWS = YES;
				GENERATE_INFOPLIST_FILE = YES;
				INFOPLIST_KEY_UIApplicationSceneManifest_Generation = YES;
				INFOPLIST_KEY_UIApplicationSupportsIndirectInputEvents = YES;
				INFOPLIST_KEY_UILaunchScreen_Generation = YES;
				INFOPLIST_KEY_UISupportedInterfaceOrientations_iPad = "UIInterfaceOrientationPortrait UIInterfaceOrientationPortraitUpsideDown UIInterfaceOrientationLandscapeLeft UIInterfaceOrientationLandscapeRight";
				INFOPLIST_KEY_UISupportedInterfaceOrientations_iPhone = "UIInterfaceOrientationPortrait UIInterfaceOrientationLandscapeLeft UIInterfaceOrientationLandscapeRight";
				LD_RUNPATH_SEARCH_PATHS = (
					"$(inherited)",
					"@executable_path/Frameworks",
				);
				MARKETING_VERSION = 1.0;
				PRODUCT_BUNDLE_IDENTIFIER = "com.benjamin.carthage-compiled";
				PRODUCT_NAME = "$(TARGET_NAME)";
				SWIFT_EMIT_LOC_STRINGS = YES;
				SWIFT_VERSION = 5.0;
				TARGETED_DEVICE_FAMILY = "1,2";
			};
			name = Debug;
		};
		670C939C28D211AB0037476B /* Release */ = {
			isa = XCBuildConfiguration;
			buildSettings = {
				ASSETCATALOG_COMPILER_APPICON_NAME = AppIcon;
				ASSETCATALOG_COMPILER_GLOBAL_ACCENT_COLOR_NAME = AccentColor;
				CODE_SIGN_STYLE = Automatic;
				CURRENT_PROJECT_VERSION = 1;
				DEVELOPMENT_ASSET_PATHS = "\"carthage_compiled/Preview Content\"";
				DEVELOPMENT_TEAM = H7FL434D9W;
				ENABLE_PREVIEWS = YES;
				GENERATE_INFOPLIST_FILE = YES;
				INFOPLIST_KEY_UIApplicationSceneManifest_Generation = YES;
				INFOPLIST_KEY_UIApplicationSupportsIndirectInputEvents = YES;
				INFOPLIST_KEY_UILaunchScreen_Generation = YES;
				INFOPLIST_KEY_UISupportedInterfaceOrientations_iPad = "UIInterfaceOrientationPortrait UIInterfaceOrientationPortraitUpsideDown UIInterfaceOrientationLandscapeLeft UIInterfaceOrientationLandscapeRight";
				INFOPLIST_KEY_UISupportedInterfaceOrientations_iPhone = "UIInterfaceOrientationPortrait UIInterfaceOrientationLandscapeLeft UIInterfaceOrientationLandscapeRight";
				LD_RUNPATH_SEARCH_PATHS = (
					"$(inherited)",
					"@executable_path/Frameworks",
				);
				MARKETING_VERSION = 1.0;
				PRODUCT_BUNDLE_IDENTIFIER = "com.benjamin.carthage-compiled";
				PRODUCT_NAME = "$(TARGET_NAME)";
				SWIFT_EMIT_LOC_STRINGS = YES;
				SWIFT_VERSION = 5.0;
				TARGETED_DEVICE_FAMILY = "1,2";
			};
			name = Release;
		};
/* End XCBuildConfiguration section */

/* Begin XCConfigurationList section */
		670C938728D211A90037476B /* Build configuration list for PBXProject "carthage_compiled" */ = {
			isa = XCConfigurationList;
			buildConfigurations = (
				670C939828D211AB0037476B /* Debug */,
				670C939928D211AB0037476B /* Release */,
			);
			defaultConfigurationIsVisible = 0;
			defaultConfigurationName = Release;
		};
		670C939A28D211AB0037476B /* Build configuration list for PBXNativeTarget "carthage_compiled" */ = {
			isa = XCConfigurationList;
			buildConfigurations = (
				670C939B28D211AB0037476B /* Debug */,
				670C939C28D211AB0037476B /* Release */,
			);
			defaultConfigurationIsVisible = 0;
			defaultConfigurationName = Release;
		};
/* End XCConfigurationList section */
	};
	rootObject = 670C938428D211A90037476B /* Project object */;
}
